
Microsoft Visual Studio Solution File, Format Version 12.00
# Visual Studio 15
Project("{FAE04EC0-301F-11D3-BF4B-00C04F79EFBC}") = "Boxophobic.Utils.Editor", "Boxophobic.Utils.Editor.csproj", "{84E46494-425D-E2C7-C82F-4A6DC3F49489}"
EndProject
Project("{FAE04EC0-301F-11D3-BF4B-00C04F79EFBC}") = "Assembly-CSharp", "Assembly-CSharp.csproj", "{2F2115BD-C66C-B2C6-BD8F-0A18C9A45BA6}"
EndProject
Project("{FAE04EC0-301F-11D3-BF4B-00C04F79EFBC}") = "Boxophobic.Utils.Scripts", "Boxophobic.Utils.Scripts.csproj", "{FD20E4F8-CEC3-F011-5CA8-DFA7B9C57E17}"
EndProject
Project("{FAE04EC0-301F-11D3-BF4B-00C04F79EFBC}") = "Boxophobic.PolyverseSkies.Editor", "Boxophobic.PolyverseSkies.Editor.csproj", "{BD02B499-2C6C-3FD5-F2C2-7BC3F089EA58}"
EndProject
Project("{FAE04EC0-301F-11D3-BF4B-00C04F79EFBC}") = "Boxophobic.PolyverseSkies.Scripts", "Boxophobic.PolyverseSkies.Scripts.csproj", "{614AEB96-D7E5-41A3-3B89-C3DE3DD5B55F}"
EndProject
Project("{FAE04EC0-301F-11D3-BF4B-00C04F79EFBC}") = "Boxophobic.PolyverseSkies.Runtime", "Boxophobic.PolyverseSkies.Runtime.csproj", "{9271D087-A6E0-AF9B-DE01-5E50F28C389F}"
EndProject
Global
	GlobalSection(SolutionConfigurationPlatforms) = preSolution
		Debug|Any CPU = Debug|Any CPU
		Release|Any CPU = Release|Any CPU
	EndGlobalSection
	GlobalSection(ProjectConfigurationPlatforms) = postSolution
		{84E46494-425D-E2C7-C82F-4A6DC3F49489}.Debug|Any CPU.ActiveCfg = Debug|Any CPU
		{84E46494-425D-E2C7-C82F-4A6DC3F49489}.Debug|Any CPU.Build.0 = Debug|Any CPU
		{84E46494-425D-E2C7-C82F-4A6DC3F49489}.Release|Any CPU.ActiveCfg = Release|Any CPU
		{84E46494-425D-E2C7-C82F-4A6DC3F49489}.Release|Any CPU.Build.0 = Release|Any CPU
		{2F2115BD-C66C-B2C6-BD8F-0A18C9A45BA6}.Debug|Any CPU.ActiveCfg = Debug|Any CPU
		{2F2115BD-C66C-B2C6-BD8F-0A18C9A45BA6}.Debug|Any CPU.Build.0 = Debug|Any CPU
		{2F2115BD-C66C-B2C6-BD8F-0A18C9A45BA6}.Release|Any CPU.ActiveCfg = Release|Any CPU
		{2F2115BD-C66C-B2C6-BD8F-0A18C9A45BA6}.Release|Any CPU.Build.0 = Release|Any CPU
		{FD20E4F8-CEC3-F011-5CA8-DFA7B9C57E17}.Debug|Any CPU.ActiveCfg = Debug|Any CPU
		{FD20E4F8-CEC3-F011-5CA8-DFA7B9C57E17}.Debug|Any CPU.Build.0 = Debug|Any CPU
		{FD20E4F8-CEC3-F011-5CA8-DFA7B9C57E17}.Release|Any CPU.ActiveCfg = Release|Any CPU
		{FD20E4F8-CEC3-F011-5CA8-DFA7B9C57E17}.Release|Any CPU.Build.0 = Release|Any CPU
		{BD02B499-2C6C-3FD5-F2C2-7BC3F089EA58}.Debug|Any CPU.ActiveCfg = Debug|Any CPU
		{BD02B499-2C6C-3FD5-F2C2-7BC3F089EA58}.Debug|Any CPU.Build.0 = Debug|Any CPU
		{BD02B499-2C6C-3FD5-F2C2-7BC3F089EA58}.Release|Any CPU.ActiveCfg = Release|Any CPU
		{BD02B499-2C6C-3FD5-F2C2-7BC3F089EA58}.Release|Any CPU.Build.0 = Release|Any CPU
		{614AEB96-D7E5-41A3-3B89-C3DE3DD5B55F}.Debug|Any CPU.ActiveCfg = Debug|Any CPU
		{614AEB96-D7E5-41A3-3B89-C3DE3DD5B55F}.Debug|Any CPU.Build.0 = Debug|Any CPU
		{614AEB96-D7E5-41A3-3B89-C3DE3DD5B55F}.Release|Any CPU.ActiveCfg = Release|Any CPU
		{614AEB96-D7E5-41A3-3B89-C3DE3DD5B55F}.Release|Any CPU.Build.0 = Release|Any CPU
		{9271D087-A6E0-AF9B-DE01-5E50F28C389F}.Debug|Any CPU.ActiveCfg = Debug|Any CPU
		{9271D087-A6E0-AF9B-DE01-5E50F28C389F}.Debug|Any CPU.Build.0 = Debug|Any CPU
		{9271D087-A6E0-AF9B-DE01-5E50F28C389F}.Release|Any CPU.ActiveCfg = Release|Any CPU
		{9271D087-A6E0-AF9B-DE01-5E50F28C389F}.Release|Any CPU.Build.0 = Release|Any CPU
	EndGlobalSection
	GlobalSection(SolutionProperties) = preSolution
		HideSolutionNode = FALSE
	EndGlobalSection
EndGlobal
